
Microsoft Visual Studio Solution File, Format Version 12.00
# Visual Studio Version 17
VisualStudioVersion = 17.6.33829.357
MinimumVisualStudioVersion = 10.0.40219.1
Project("{FAE04EC0-301F-11D3-BF4B-00C04F79EFBC}") = "WBParser", "WBParser\WBParser.csproj", "{7AFF8A37-2F97-4640-8658-063F959DA100}"
EndProject
Global
	GlobalSection(SolutionConfigurationPlatforms) = preSolution
		Debug|Any CPU = Debug|Any CPU
		Release|Any CPU = Release|Any CPU
	EndGlobalSection
	GlobalSection(ProjectConfigurationPlatforms) = postSolution
		{7AFF8A37-2F97-4640-8658-063F959DA100}.Debug|Any CPU.ActiveCfg = Debug|Any CPU
		{7AFF8A37-2F97-4640-8658-063F959DA100}.Debug|Any CPU.Build.0 = Debug|Any CPU
		{7AFF8A37-2F97-4640-8658-063F959DA100}.Release|Any CPU.ActiveCfg = Release|Any CPU
		{7AFF8A37-2F97-4640-8658-063F959DA100}.Release|Any CPU.Build.0 = Release|Any CPU
	EndGlobalSection
	GlobalSection(SolutionProperties) = preSolution
		HideSolutionNode = FALSE
	EndGlobalSection
	GlobalSection(ExtensibilityGlobals) = postSolution
		SolutionGuid = {D9B25FCB-4295-497B-AB14-F78C5981CC17}
	EndGlobalSection
EndGlobal
